
Microsoft Visual Studio Solution File, Format Version 12.00
# Visual Studio Version 17
VisualStudioVersion = 17.3.32922.545
MinimumVisualStudioVersion = 10.0.40219.1
Project("{FAE04EC0-301F-11D3-BF4B-00C04F79EFBC}") = "2048", "2048\2048.csproj", "{17AD7C87-947B-4F1C-8E55-462E14627032}"
EndProject
Global
	GlobalSection(SolutionConfigurationPlatforms) = preSolution
		Debug|Any CPU = Debug|Any CPU
		Release|Any CPU = Release|Any CPU
	EndGlobalSection
	GlobalSection(ProjectConfigurationPlatforms) = postSolution
		{17AD7C87-947B-4F1C-8E55-462E14627032}.Debug|Any CPU.ActiveCfg = Debug|Any CPU
		{17AD7C87-947B-4F1C-8E55-462E14627032}.Debug|Any CPU.Build.0 = Debug|Any CPU
		{17AD7C87-947B-4F1C-8E55-462E14627032}.Release|Any CPU.ActiveCfg = Release|Any CPU
		{17AD7C87-947B-4F1C-8E55-462E14627032}.Release|Any CPU.Build.0 = Release|Any CPU
	EndGlobalSection
	GlobalSection(SolutionProperties) = preSolution
		HideSolutionNode = FALSE
	EndGlobalSection
	GlobalSection(ExtensibilityGlobals) = postSolution
		SolutionGuid = {6BFF6333-1085-44D0-9C48-2E9303902218}
	EndGlobalSection
EndGlobal
